
Microsoft Visual Studio Solution File, Format Version 12.00
# Visual Studio Version 17
VisualStudioVersion = 17.0.31903.59
MinimumVisualStudioVersion = 10.0.40219.1
Project("{2150E333-8FDC-42A3-9474-1A3956D46DE8}") = "src", "src", "{827E0CD3-B72D-47B6-A68D-7590B98EB39B}"
EndProject
Project("{FAE04EC0-301F-11D3-BF4B-00C04F79EFBC}") = "Tms.Api", "src\Tms.Api\Tms.Api.csproj", "{4080739E-1B61-4751-B317-0BE5FDBF8D24}"
EndProject
Project("{FAE04EC0-301F-11D3-BF4B-00C04F79EFBC}") = "Tms.Infrastructure", "src\Tms.Infrastructure\Tms.Infrastructure.csproj", "{0B09BF86-3124-4394-82D7-11B81A4A4E80}"
EndProject
Project("{FAE04EC0-301F-11D3-BF4B-00C04F79EFBC}") = "Tms.Modules.Audit", "src\Tms.Modules.Audit\Tms.Modules.Audit.csproj", "{06D04E10-DD26-4058-B2CD-E19ED3FB38A0}"
EndProject
Project("{FAE04EC0-301F-11D3-BF4B-00C04F79EFBC}") = "Tms.Modules.Billing", "src\Tms.Modules.Billing\Tms.Modules.Billing.csproj", "{9D47BFF6-B09C-4C8C-9E07-71CE27785C3F}"
EndProject
Project("{FAE04EC0-301F-11D3-BF4B-00C04F79EFBC}") = "Tms.Modules.Debrief", "src\Tms.Modules.Debrief\Tms.Modules.Debrief.csproj", "{FB70B1AB-DEA2-4730-BB43-3A68752304D4}"
EndProject
Project("{FAE04EC0-301F-11D3-BF4B-00C04F79EFBC}") = "Tms.Modules.Exceptions", "src\Tms.Modules.Exceptions\Tms.Modules.Exceptions.csproj", "{BCD7787E-9EA7-48D5-88B0-7D6DF232EA06}"
EndProject
Project("{FAE04EC0-301F-11D3-BF4B-00C04F79EFBC}") = "Tms.Modules.Fleet", "src\Tms.Modules.Fleet\Tms.Modules.Fleet.csproj", "{12D28110-5A2A-4CDB-87A5-EDEB20697E76}"
EndProject
Project("{FAE04EC0-301F-11D3-BF4B-00C04F79EFBC}") = "Tms.Modules.Identity", "src\Tms.Modules.Identity\Tms.Modules.Identity.csproj", "{4098DA8F-B418-4960-8E72-D7385CD94B77}"
EndProject
Project("{FAE04EC0-301F-11D3-BF4B-00C04F79EFBC}") = "Tms.Modules.Integration", "src\Tms.Modules.Integration\Tms.Modules.Integration.csproj", "{F6AF9FE5-F187-42FC-A9D7-5C11FC6839FC}"
EndProject
Project("{FAE04EC0-301F-11D3-BF4B-00C04F79EFBC}") = "Tms.Modules.Loads", "src\Tms.Modules.Loads\Tms.Modules.Loads.csproj", "{613592A9-BB76-42AB-8443-C6F40C0CA7FA}"
EndProject
Project("{FAE04EC0-301F-11D3-BF4B-00C04F79EFBC}") = "Tms.Modules.Privacy", "src\Tms.Modules.Privacy\Tms.Modules.Privacy.csproj", "{842C044F-59EF-49C7-A609-A5CF9742CA37}"
EndProject
Project("{FAE04EC0-301F-11D3-BF4B-00C04F79EFBC}") = "Tms.Modules.Rating", "src\Tms.Modules.Rating\Tms.Modules.Rating.csproj", "{D078B790-77D1-4A4B-8D3D-66E4F7D677CA}"
EndProject
Project("{FAE04EC0-301F-11D3-BF4B-00C04F79EFBC}") = "Tms.Shared", "src\Tms.Shared\Tms.Shared.csproj", "{D1385298-F6B5-450A-AD11-62FA361496CD}"
EndProject
Global
	GlobalSection(SolutionConfigurationPlatforms) = preSolution
		Debug|Any CPU = Debug|Any CPU
		Debug|x64 = Debug|x64
		Debug|x86 = Debug|x86
		Release|Any CPU = Release|Any CPU
		Release|x64 = Release|x64
		Release|x86 = Release|x86
	EndGlobalSection
	GlobalSection(ProjectConfigurationPlatforms) = postSolution
		{4080739E-1B61-4751-B317-0BE5FDBF8D24}.Debug|Any CPU.ActiveCfg = Debug|Any CPU
		{4080739E-1B61-4751-B317-0BE5FDBF8D24}.Debug|Any CPU.Build.0 = Debug|Any CPU
		{4080739E-1B61-4751-B317-0BE5FDBF8D24}.Debug|x64.ActiveCfg = Debug|Any CPU
		{4080739E-1B61-4751-B317-0BE5FDBF8D24}.Debug|x64.Build.0 = Debug|Any CPU
		{4080739E-1B61-4751-B317-0BE5FDBF8D24}.Debug|x86.ActiveCfg = Debug|Any CPU
		{4080739E-1B61-4751-B317-0BE5FDBF8D24}.Debug|x86.Build.0 = Debug|Any CPU
		{4080739E-1B61-4751-B317-0BE5FDBF8D24}.Release|Any CPU.ActiveCfg = Release|Any CPU
		{4080739E-1B61-4751-B317-0BE5FDBF8D24}.Release|Any CPU.Build.0 = Release|Any CPU
		{4080739E-1B61-4751-B317-0BE5FDBF8D24}.Release|x64.ActiveCfg = Release|Any CPU
		{4080739E-1B61-4751-B317-0BE5FDBF8D24}.Release|x64.Build.0 = Release|Any CPU
		{4080739E-1B61-4751-B317-0BE5FDBF8D24}.Release|x86.ActiveCfg = Release|Any CPU
		{4080739E-1B61-4751-B317-0BE5FDBF8D24}.Release|x86.Build.0 = Release|Any CPU
		{0B09BF86-3124-4394-82D7-11B81A4A4E80}.Debug|Any CPU.ActiveCfg = Debug|Any CPU
		{0B09BF86-3124-4394-82D7-11B81A4A4E80}.Debug|Any CPU.Build.0 = Debug|Any CPU
		{0B09BF86-3124-4394-82D7-11B81A4A4E80}.Debug|x64.ActiveCfg = Debug|Any CPU
		{0B09BF86-3124-4394-82D7-11B81A4A4E80}.Debug|x64.Build.0 = Debug|Any CPU
		{0B09BF86-3124-4394-82D7-11B81A4A4E80}.Debug|x86.ActiveCfg = Debug|Any CPU
		{0B09BF86-3124-4394-82D7-11B81A4A4E80}.Debug|x86.Build.0 = Debug|Any CPU
		{0B09BF86-3124-4394-82D7-11B81A4A4E80}.Release|Any CPU.ActiveCfg = Release|Any CPU
		{0B09BF86-3124-4394-82D7-11B81A4A4E80}.Release|Any CPU.Build.0 = Release|Any CPU
		{0B09BF86-3124-4394-82D7-11B81A4A4E80}.Release|x64.ActiveCfg = Release|Any CPU
		{0B09BF86-3124-4394-82D7-11B81A4A4E80}.Release|x64.Build.0 = Release|Any CPU
		{0B09BF86-3124-4394-82D7-11B81A4A4E80}.Release|x86.ActiveCfg = Release|Any CPU
		{0B09BF86-3124-4394-82D7-11B81A4A4E80}.Release|x86.Build.0 = Release|Any CPU
		{06D04E10-DD26-4058-B2CD-E19ED3FB38A0}.Debug|Any CPU.ActiveCfg = Debug|Any CPU
		{06D04E10-DD26-4058-B2CD-E19ED3FB38A0}.Debug|Any CPU.Build.0 = Debug|Any CPU
		{06D04E10-DD26-4058-B2CD-E19ED3FB38A0}.Debug|x64.ActiveCfg = Debug|Any CPU
		{06D04E10-DD26-4058-B2CD-E19ED3FB38A0}.Debug|x64.Build.0 = Debug|Any CPU
		{06D04E10-DD26-4058-B2CD-E19ED3FB38A0}.Debug|x86.ActiveCfg = Debug|Any CPU
		{06D04E10-DD26-4058-B2CD-E19ED3FB38A0}.Debug|x86.Build.0 = Debug|Any CPU
		{06D04E10-DD26-4058-B2CD-E19ED3FB38A0}.Release|Any CPU.ActiveCfg = Release|Any CPU
		{06D04E10-DD26-4058-B2CD-E19ED3FB38A0}.Release|Any CPU.Build.0 = Release|Any CPU
		{06D04E10-DD26-4058-B2CD-E19ED3FB38A0}.Release|x64.ActiveCfg = Release|Any CPU
		{06D04E10-DD26-4058-B2CD-E19ED3FB38A0}.Release|x64.Build.0 = Release|Any CPU
		{06D04E10-DD26-4058-B2CD-E19ED3FB38A0}.Release|x86.ActiveCfg = Release|Any CPU
		{06D04E10-DD26-4058-B2CD-E19ED3FB38A0}.Release|x86.Build.0 = Release|Any CPU
		{9D47BFF6-B09C-4C8C-9E07-71CE27785C3F}.Debug|Any CPU.ActiveCfg = Debug|Any CPU
		{9D47BFF6-B09C-4C8C-9E07-71CE27785C3F}.Debug|Any CPU.Build.0 = Debug|Any CPU
		{9D47BFF6-B09C-4C8C-9E07-71CE27785C3F}.Debug|x64.ActiveCfg = Debug|Any CPU
		{9D47BFF6-B09C-4C8C-9E07-71CE27785C3F}.Debug|x64.Build.0 = Debug|Any CPU
		{9D47BFF6-B09C-4C8C-9E07-71CE27785C3F}.Debug|x86.ActiveCfg = Debug|Any CPU
		{9D47BFF6-B09C-4C8C-9E07-71CE27785C3F}.Debug|x86.Build.0 = Debug|Any CPU
		{9D47BFF6-B09C-4C8C-9E07-71CE27785C3F}.Release|Any CPU.ActiveCfg = Release|Any CPU
		{9D47BFF6-B09C-4C8C-9E07-71CE27785C3F}.Release|Any CPU.Build.0 = Release|Any CPU
		{9D47BFF6-B09C-4C8C-9E07-71CE27785C3F}.Release|x64.ActiveCfg = Release|Any CPU
		{9D47BFF6-B09C-4C8C-9E07-71CE27785C3F}.Release|x64.Build.0 = Release|Any CPU
		{9D47BFF6-B09C-4C8C-9E07-71CE27785C3F}.Release|x86.ActiveCfg = Release|Any CPU
		{9D47BFF6-B09C-4C8C-9E07-71CE27785C3F}.Release|x86.Build.0 = Release|Any CPU
		{FB70B1AB-DEA2-4730-BB43-3A68752304D4}.Debug|Any CPU.ActiveCfg = Debug|Any CPU
		{FB70B1AB-DEA2-4730-BB43-3A68752304D4}.Debug|Any CPU.Build.0 = Debug|Any CPU
		{FB70B1AB-DEA2-4730-BB43-3A68752304D4}.Debug|x64.ActiveCfg = Debug|Any CPU
		{FB70B1AB-DEA2-4730-BB43-3A68752304D4}.Debug|x64.Build.0 = Debug|Any CPU
		{FB70B1AB-DEA2-4730-BB43-3A68752304D4}.Debug|x86.ActiveCfg = Debug|Any CPU
		{FB70B1AB-DEA2-4730-BB43-3A68752304D4}.Debug|x86.Build.0 = Debug|Any CPU
		{FB70B1AB-DEA2-4730-BB43-3A68752304D4}.Release|Any CPU.ActiveCfg = Release|Any CPU
		{FB70B1AB-DEA2-4730-BB43-3A68752304D4}.Release|Any CPU.Build.0 = Release|Any CPU
		{FB70B1AB-DEA2-4730-BB43-3A68752304D4}.Release|x64.ActiveCfg = Release|Any CPU
		{FB70B1AB-DEA2-4730-BB43-3A68752304D4}.Release|x64.Build.0 = Release|Any CPU
		{FB70B1AB-DEA2-4730-BB43-3A68752304D4}.Release|x86.ActiveCfg = Release|Any CPU
		{FB70B1AB-DEA2-4730-BB43-3A68752304D4}.Release|x86.Build.0 = Release|Any CPU
		{BCD7787E-9EA7-48D5-88B0-7D6DF232EA06}.Debug|Any CPU.ActiveCfg = Debug|Any CPU
		{BCD7787E-9EA7-48D5-88B0-7D6DF232EA06}.Debug|Any CPU.Build.0 = Debug|Any CPU
		{BCD7787E-9EA7-48D5-88B0-7D6DF232EA06}.Debug|x64.ActiveCfg = Debug|Any CPU
		{BCD7787E-9EA7-48D5-88B0-7D6DF232EA06}.Debug|x64.Build.0 = Debug|Any CPU
		{BCD7787E-9EA7-48D5-88B0-7D6DF232EA06}.Debug|x86.ActiveCfg = Debug|Any CPU
		{BCD7787E-9EA7-48D5-88B0-7D6DF232EA06}.Debug|x86.Build.0 = Debug|Any CPU
		{BCD7787E-9EA7-48D5-88B0-7D6DF232EA06}.Release|Any CPU.ActiveCfg = Release|Any CPU
		{BCD7787E-9EA7-48D5-88B0-7D6DF232EA06}.Release|Any CPU.Build.0 = Release|Any CPU
		{BCD7787E-9EA7-48D5-88B0-7D6DF232EA06}.Release|x64.ActiveCfg = Release|Any CPU
		{BCD7787E-9EA7-48D5-88B0-7D6DF232EA06}.Release|x64.Build.0 = Release|Any CPU
		{BCD7787E-9EA7-48D5-88B0-7D6DF232EA06}.Release|x86.ActiveCfg = Release|Any CPU
		{BCD7787E-9EA7-48D5-88B0-7D6DF232EA06}.Release|x86.Build.0 = Release|Any CPU
		{12D28110-5A2A-4CDB-87A5-EDEB20697E76}.Debug|Any CPU.ActiveCfg = Debug|Any CPU
		{12D28110-5A2A-4CDB-87A5-EDEB20697E76}.Debug|Any CPU.Build.0 = Debug|Any CPU
		{12D28110-5A2A-4CDB-87A5-EDEB20697E76}.Debug|x64.ActiveCfg = Debug|Any CPU
		{12D28110-5A2A-4CDB-87A5-EDEB20697E76}.Debug|x64.Build.0 = Debug|Any CPU
		{12D28110-5A2A-4CDB-87A5-EDEB20697E76}.Debug|x86.ActiveCfg = Debug|Any CPU
		{12D28110-5A2A-4CDB-87A5-EDEB20697E76}.Debug|x86.Build.0 = Debug|Any CPU
		{12D28110-5A2A-4CDB-87A5-EDEB20697E76}.Release|Any CPU.ActiveCfg = Release|Any CPU
		{12D28110-5A2A-4CDB-87A5-EDEB20697E76}.Release|Any CPU.Build.0 = Release|Any CPU
		{12D28110-5A2A-4CDB-87A5-EDEB20697E76}.Release|x64.ActiveCfg = Release|Any CPU
		{12D28110-5A2A-4CDB-87A5-EDEB20697E76}.Release|x64.Build.0 = Release|Any CPU
		{12D28110-5A2A-4CDB-87A5-EDEB20697E76}.Release|x86.ActiveCfg = Release|Any CPU
		{12D28110-5A2A-4CDB-87A5-EDEB20697E76}.Release|x86.Build.0 = Release|Any CPU
		{4098DA8F-B418-4960-8E72-D7385CD94B77}.Debug|Any CPU.ActiveCfg = Debug|Any CPU
		{4098DA8F-B418-4960-8E72-D7385CD94B77}.Debug|Any CPU.Build.0 = Debug|Any CPU
		{4098DA8F-B418-4960-8E72-D7385CD94B77}.Debug|x64.ActiveCfg = Debug|Any CPU
		{4098DA8F-B418-4960-8E72-D7385CD94B77}.Debug|x64.Build.0 = Debug|Any CPU
		{4098DA8F-B418-4960-8E72-D7385CD94B77}.Debug|x86.ActiveCfg = Debug|Any CPU
		{4098DA8F-B418-4960-8E72-D7385CD94B77}.Debug|x86.Build.0 = Debug|Any CPU
		{4098DA8F-B418-4960-8E72-D7385CD94B77}.Release|Any CPU.ActiveCfg = Release|Any CPU
		{4098DA8F-B418-4960-8E72-D7385CD94B77}.Release|Any CPU.Build.0 = Release|Any CPU
		{4098DA8F-B418-4960-8E72-D7385CD94B77}.Release|x64.ActiveCfg = Release|Any CPU
		{4098DA8F-B418-4960-8E72-D7385CD94B77}.Release|x64.Build.0 = Release|Any CPU
		{4098DA8F-B418-4960-8E72-D7385CD94B77}.Release|x86.ActiveCfg = Release|Any CPU
		{4098DA8F-B418-4960-8E72-D7385CD94B77}.Release|x86.Build.0 = Release|Any CPU
		{F6AF9FE5-F187-42FC-A9D7-5C11FC6839FC}.Debug|Any CPU.ActiveCfg = Debug|Any CPU
		{F6AF9FE5-F187-42FC-A9D7-5C11FC6839FC}.Debug|Any CPU.Build.0 = Debug|Any CPU
		{F6AF9FE5-F187-42FC-A9D7-5C11FC6839FC}.Debug|x64.ActiveCfg = Debug|Any CPU
		{F6AF9FE5-F187-42FC-A9D7-5C11FC6839FC}.Debug|x64.Build.0 = Debug|Any CPU
		{F6AF9FE5-F187-42FC-A9D7-5C11FC6839FC}.Debug|x86.ActiveCfg = Debug|Any CPU
		{F6AF9FE5-F187-42FC-A9D7-5C11FC6839FC}.Debug|x86.Build.0 = Debug|Any CPU
		{F6AF9FE5-F187-42FC-A9D7-5C11FC6839FC}.Release|Any CPU.ActiveCfg = Release|Any CPU
		{F6AF9FE5-F187-42FC-A9D7-5C11FC6839FC}.Release|Any CPU.Build.0 = Release|Any CPU
		{F6AF9FE5-F187-42FC-A9D7-5C11FC6839FC}.Release|x64.ActiveCfg = Release|Any CPU
		{F6AF9FE5-F187-42FC-A9D7-5C11FC6839FC}.Release|x64.Build.0 = Release|Any CPU
		{F6AF9FE5-F187-42FC-A9D7-5C11FC6839FC}.Release|x86.ActiveCfg = Release|Any CPU
		{F6AF9FE5-F187-42FC-A9D7-5C11FC6839FC}.Release|x86.Build.0 = Release|Any CPU
		{613592A9-BB76-42AB-8443-C6F40C0CA7FA}.Debug|Any CPU.ActiveCfg = Debug|Any CPU
		{613592A9-BB76-42AB-8443-C6F40C0CA7FA}.Debug|Any CPU.Build.0 = Debug|Any CPU
		{613592A9-BB76-42AB-8443-C6F40C0CA7FA}.Debug|x64.ActiveCfg = Debug|Any CPU
		{613592A9-BB76-42AB-8443-C6F40C0CA7FA}.Debug|x64.Build.0 = Debug|Any CPU
		{613592A9-BB76-42AB-8443-C6F40C0CA7FA}.Debug|x86.ActiveCfg = Debug|Any CPU
		{613592A9-BB76-42AB-8443-C6F40C0CA7FA}.Debug|x86.Build.0 = Debug|Any CPU
		{613592A9-BB76-42AB-8443-C6F40C0CA7FA}.Release|Any CPU.ActiveCfg = Release|Any CPU
		{613592A9-BB76-42AB-8443-C6F40C0CA7FA}.Release|Any CPU.Build.0 = Release|Any CPU
		{613592A9-BB76-42AB-8443-C6F40C0CA7FA}.Release|x64.ActiveCfg = Release|Any CPU
		{613592A9-BB76-42AB-8443-C6F40C0CA7FA}.Release|x64.Build.0 = Release|Any CPU
		{613592A9-BB76-42AB-8443-C6F40C0CA7FA}.Release|x86.ActiveCfg = Release|Any CPU
		{613592A9-BB76-42AB-8443-C6F40C0CA7FA}.Release|x86.Build.0 = Release|Any CPU
		{842C044F-59EF-49C7-A609-A5CF9742CA37}.Debug|Any CPU.ActiveCfg = Debug|Any CPU
		{842C044F-59EF-49C7-A609-A5CF9742CA37}.Debug|Any CPU.Build.0 = Debug|Any CPU
		{842C044F-59EF-49C7-A609-A5CF9742CA37}.Debug|x64.ActiveCfg = Debug|Any CPU
		{842C044F-59EF-49C7-A609-A5CF9742CA37}.Debug|x64.Build.0 = Debug|Any CPU
		{842C044F-59EF-49C7-A609-A5CF9742CA37}.Debug|x86.ActiveCfg = Debug|Any CPU
		{842C044F-59EF-49C7-A609-A5CF9742CA37}.Debug|x86.Build.0 = Debug|Any CPU
		{842C044F-59EF-49C7-A609-A5CF9742CA37}.Release|Any CPU.ActiveCfg = Release|Any CPU
		{842C044F-59EF-49C7-A609-A5CF9742CA37}.Release|Any CPU.Build.0 = Release|Any CPU
		{842C044F-59EF-49C7-A609-A5CF9742CA37}.Release|x64.ActiveCfg = Release|Any CPU
		{842C044F-59EF-49C7-A609-A5CF9742CA37}.Release|x64.Build.0 = Release|Any CPU
		{842C044F-59EF-49C7-A609-A5CF9742CA37}.Release|x86.ActiveCfg = Release|Any CPU
		{842C044F-59EF-49C7-A609-A5CF9742CA37}.Release|x86.Build.0 = Release|Any CPU
		{D078B790-77D1-4A4B-8D3D-66E4F7D677CA}.Debug|Any CPU.ActiveCfg = Debug|Any CPU
		{D078B790-77D1-4A4B-8D3D-66E4F7D677CA}.Debug|Any CPU.Build.0 = Debug|Any CPU
		{D078B790-77D1-4A4B-8D3D-66E4F7D677CA}.Debug|x64.ActiveCfg = Debug|Any CPU
		{D078B790-77D1-4A4B-8D3D-66E4F7D677CA}.Debug|x64.Build.0 = Debug|Any CPU
		{D078B790-77D1-4A4B-8D3D-66E4F7D677CA}.Debug|x86.ActiveCfg = Debug|Any CPU
		{D078B790-77D1-4A4B-8D3D-66E4F7D677CA}.Debug|x86.Build.0 = Debug|Any CPU
		{D078B790-77D1-4A4B-8D3D-66E4F7D677CA}.Release|Any CPU.ActiveCfg = Release|Any CPU
		{D078B790-77D1-4A4B-8D3D-66E4F7D677CA}.Release|Any CPU.Build.0 = Release|Any CPU
		{D078B790-77D1-4A4B-8D3D-66E4F7D677CA}.Release|x64.ActiveCfg = Release|Any CPU
		{D078B790-77D1-4A4B-8D3D-66E4F7D677CA}.Release|x64.Build.0 = Release|Any CPU
		{D078B790-77D1-4A4B-8D3D-66E4F7D677CA}.Release|x86.ActiveCfg = Release|Any CPU
		{D078B790-77D1-4A4B-8D3D-66E4F7D677CA}.Release|x86.Build.0 = Release|Any CPU
		{D1385298-F6B5-450A-AD11-62FA361496CD}.Debug|Any CPU.ActiveCfg = Debug|Any CPU
		{D1385298-F6B5-450A-AD11-62FA361496CD}.Debug|Any CPU.Build.0 = Debug|Any CPU
		{D1385298-F6B5-450A-AD11-62FA361496CD}.Debug|x64.ActiveCfg = Debug|Any CPU
		{D1385298-F6B5-450A-AD11-62FA361496CD}.Debug|x64.Build.0 = Debug|Any CPU
		{D1385298-F6B5-450A-AD11-62FA361496CD}.Debug|x86.ActiveCfg = Debug|Any CPU
		{D1385298-F6B5-450A-AD11-62FA361496CD}.Debug|x86.Build.0 = Debug|Any CPU
		{D1385298-F6B5-450A-AD11-62FA361496CD}.Release|Any CPU.ActiveCfg = Release|Any CPU
		{D1385298-F6B5-450A-AD11-62FA361496CD}.Release|Any CPU.Build.0 = Release|Any CPU
		{D1385298-F6B5-450A-AD11-62FA361496CD}.Release|x64.ActiveCfg = Release|Any CPU
		{D1385298-F6B5-450A-AD11-62FA361496CD}.Release|x64.Build.0 = Release|Any CPU
		{D1385298-F6B5-450A-AD11-62FA361496CD}.Release|x86.ActiveCfg = Release|Any CPU
		{D1385298-F6B5-450A-AD11-62FA361496CD}.Release|x86.Build.0 = Release|Any CPU
	EndGlobalSection
	GlobalSection(SolutionProperties) = preSolution
		HideSolutionNode = FALSE
	EndGlobalSection
	GlobalSection(NestedProjects) = preSolution
		{4080739E-1B61-4751-B317-0BE5FDBF8D24} = {827E0CD3-B72D-47B6-A68D-7590B98EB39B}
		{0B09BF86-3124-4394-82D7-11B81A4A4E80} = {827E0CD3-B72D-47B6-A68D-7590B98EB39B}
		{06D04E10-DD26-4058-B2CD-E19ED3FB38A0} = {827E0CD3-B72D-47B6-A68D-7590B98EB39B}
		{9D47BFF6-B09C-4C8C-9E07-71CE27785C3F} = {827E0CD3-B72D-47B6-A68D-7590B98EB39B}
		{FB70B1AB-DEA2-4730-BB43-3A68752304D4} = {827E0CD3-B72D-47B6-A68D-7590B98EB39B}
		{BCD7787E-9EA7-48D5-88B0-7D6DF232EA06} = {827E0CD3-B72D-47B6-A68D-7590B98EB39B}
		{12D28110-5A2A-4CDB-87A5-EDEB20697E76} = {827E0CD3-B72D-47B6-A68D-7590B98EB39B}
		{4098DA8F-B418-4960-8E72-D7385CD94B77} = {827E0CD3-B72D-47B6-A68D-7590B98EB39B}
		{F6AF9FE5-F187-42FC-A9D7-5C11FC6839FC} = {827E0CD3-B72D-47B6-A68D-7590B98EB39B}
		{613592A9-BB76-42AB-8443-C6F40C0CA7FA} = {827E0CD3-B72D-47B6-A68D-7590B98EB39B}
		{842C044F-59EF-49C7-A609-A5CF9742CA37} = {827E0CD3-B72D-47B6-A68D-7590B98EB39B}
		{D078B790-77D1-4A4B-8D3D-66E4F7D677CA} = {827E0CD3-B72D-47B6-A68D-7590B98EB39B}
		{D1385298-F6B5-450A-AD11-62FA361496CD} = {827E0CD3-B72D-47B6-A68D-7590B98EB39B}
	EndGlobalSection
EndGlobal
